
Microsoft Visual Studio Solution File, Format Version 12.00
# Visual Studio Version 17
VisualStudioVersion = 17.7.34031.279
MinimumVisualStudioVersion = 10.0.40219.1
Project("{FAE04EC0-301F-11D3-BF4B-00C04F79EFBC}") = "WpfApp13", "WpfApp13.csproj", "{97ED3F80-4192-4E77-A34C-DFF74FA7F126}"
EndProject
Global
	GlobalSection(SolutionConfigurationPlatforms) = preSolution
		Debug|Any CPU = Debug|Any CPU
		Release|Any CPU = Release|Any CPU
	EndGlobalSection
	GlobalSection(ProjectConfigurationPlatforms) = postSolution
		{97ED3F80-4192-4E77-A34C-DFF74FA7F126}.Debug|Any CPU.ActiveCfg = Debug|Any CPU
		{97ED3F80-4192-4E77-A34C-DFF74FA7F126}.Debug|Any CPU.Build.0 = Debug|Any CPU
		{97ED3F80-4192-4E77-A34C-DFF74FA7F126}.Release|Any CPU.ActiveCfg = Release|Any CPU
		{97ED3F80-4192-4E77-A34C-DFF74FA7F126}.Release|Any CPU.Build.0 = Release|Any CPU
	EndGlobalSection
	GlobalSection(SolutionProperties) = preSolution
		HideSolutionNode = FALSE
	EndGlobalSection
	GlobalSection(ExtensibilityGlobals) = postSolution
		SolutionGuid = {6F970080-2A47-43E8-858D-B0297BC95573}
	EndGlobalSection
EndGlobal
